
Microsoft Visual Studio Solution File, Format Version 12.00
# Visual Studio Version 17
VisualStudioVersion = 17.14.36310.24 d17.14
MinimumVisualStudioVersion = 10.0.40219.1
Project("{FAE04EC0-301F-11D3-BF4B-00C04F79EFBC}") = "RentACar", "RentACar\RentACar.csproj", "{CA9543A0-EF50-4BCE-A758-CA6D9AF16640}"
EndProject
Global
	GlobalSection(SolutionConfigurationPlatforms) = preSolution
		Debug|Any CPU = Debug|Any CPU
		Release|Any CPU = Release|Any CPU
	EndGlobalSection
	GlobalSection(ProjectConfigurationPlatforms) = postSolution
		{CA9543A0-EF50-4BCE-A758-CA6D9AF16640}.Debug|Any CPU.ActiveCfg = Debug|Any CPU
		{CA9543A0-EF50-4BCE-A758-CA6D9AF16640}.Debug|Any CPU.Build.0 = Debug|Any CPU
		{CA9543A0-EF50-4BCE-A758-CA6D9AF16640}.Release|Any CPU.ActiveCfg = Release|Any CPU
		{CA9543A0-EF50-4BCE-A758-CA6D9AF16640}.Release|Any CPU.Build.0 = Release|Any CPU
	EndGlobalSection
	GlobalSection(SolutionProperties) = preSolution
		HideSolutionNode = FALSE
	EndGlobalSection
	GlobalSection(ExtensibilityGlobals) = postSolution
		SolutionGuid = {230707E6-C0D9-4960-A814-2F6963057E1E}
	EndGlobalSection
EndGlobal
